// !$*UTF8*$!
{
	archiveVersion = 1;
	classes = {
	};
	objectVersion = 46;
	objects = {

/* Begin PBXBuildFile section */
		1F4C35B517BBAB2B00E9A9A3 /* NSDateAdditions.m in Sources */ = {isa = PBXBuildFile; fileRef = 1F4C35B417BBAB2B00E9A9A3 /* NSDateAdditions.m */; };
		1F4C35B817BBB76A00E9A9A3 /* UIView+TTUICommon.m in Sources */ = {isa = PBXBuildFile; fileRef = 1F4C35B717BBB76A00E9A9A3 /* UIView+TTUICommon.m */; };
		EA33DCF517978DE100266660 /* IAInfiniteGridView.m in Sources */ = {isa = PBXBuildFile; fileRef = EA33DCF417978DE100266660 /* IAInfiniteGridView.m */; settings = {COMPILER_FLAGS = "-fobjc-arc"; }; };
		EA6FC1CF1798C4BF00227DD1 /* LGLazyScrollView.m in Sources */ = {isa = PBXBuildFile; fileRef = EA6FC1CE1798C4BF00227DD1 /* LGLazyScrollView.m */; };
		EA6FC1D61798E3A000227DD1 /* JTListView.m in Sources */ = {isa = PBXBuildFile; fileRef = EA6FC1D51798E3A000227DD1 /* JTListView.m */; };
		EAD42C53177932AC001ACF3C /* LGLocationService.m in Sources */ = {isa = PBXBuildFile; fileRef = EAD42C52177932AC001ACF3C /* LGLocationService.m */; };
		EAD42C5917793B40001ACF3C /* CoreLocation.framework in Frameworks */ = {isa = PBXBuildFile; fileRef = EAD42C5817793B40001ACF3C /* CoreLocation.framework */; };
		EAD42C7317793C21001ACF3C /* MapKit.framework in Frameworks */ = {isa = PBXBuildFile; fileRef = EAD42C7217793C21001ACF3C /* MapKit.framework */; };
		EAD42C7517793C2A001ACF3C /* MobileCoreServices.framework in Frameworks */ = {isa = PBXBuildFile; fileRef = EAD42C7417793C2A001ACF3C /* MobileCoreServices.framework */; };
		EAD42C801779457B001ACF3C /* NSMutableDictionary+AddNilObject.m in Sources */ = {isa = PBXBuildFile; fileRef = EAD42C7F1779457B001ACF3C /* NSMutableDictionary+AddNilObject.m */; };
		EAE1419E178264E30005D53F /* LGPopListView.m in Sources */ = {isa = PBXBuildFile; fileRef = EAE1419B178264E30005D53F /* LGPopListView.m */; };
		EAE1419F178264E30005D53F /* LGPopListViewCell.m in Sources */ = {isa = PBXBuildFile; fileRef = EAE1419D178264E30005D53F /* LGPopListViewCell.m */; };
		EAECCCED1773E87E00D9E39D /* Foundation.framework in Frameworks */ = {isa = PBXBuildFile; fileRef = EAECCCCD1773E83A00D9E39D /* Foundation.framework */; };
		EAECCCF21773E87E00D9E39D /* LittleGhostCore.h in CopyFiles */ = {isa = PBXBuildFile; fileRef = EAECCCF11773E87E00D9E39D /* LittleGhostCore.h */; };
		EAECCCF41773E87E00D9E39D /* LittleGhostCore.m in Sources */ = {isa = PBXBuildFile; fileRef = EAECCCF31773E87E00D9E39D /* LittleGhostCore.m */; };
		EAECCD361773E9E500D9E39D /* NSDataAdditions.m in Sources */ = {isa = PBXBuildFile; fileRef = EAECCCFE1773E9E500D9E39D /* NSDataAdditions.m */; };
		EAECCD371773E9E500D9E39D /* NSStringAdditions.m in Sources */ = {isa = PBXBuildFile; fileRef = EAECCD001773E9E500D9E39D /* NSStringAdditions.m */; };
		EAECCD381773E9E500D9E39D /* TTDebug.m in Sources */ = {isa = PBXBuildFile; fileRef = EAECCD031773E9E500D9E39D /* TTDebug.m */; };
		EAECCD391773E9E500D9E39D /* TTDefaultStyleSheet.m in Sources */ = {isa = PBXBuildFile; fileRef = EAECCD051773E9E500D9E39D /* TTDefaultStyleSheet.m */; };
		EAECCD3A1773E9E500D9E39D /* TTGlobalCoreLocale.m in Sources */ = {isa = PBXBuildFile; fileRef = EAECCD071773E9E500D9E39D /* TTGlobalCoreLocale.m */; };
		EAECCD3B1773E9E500D9E39D /* TTGlobalCorePaths.m in Sources */ = {isa = PBXBuildFile; fileRef = EAECCD091773E9E500D9E39D /* TTGlobalCorePaths.m */; };
		EAECCD3C1773E9E500D9E39D /* TTGlobalStyle.m in Sources */ = {isa = PBXBuildFile; fileRef = EAECCD0B1773E9E500D9E39D /* TTGlobalStyle.m */; };
		EAECCD3D1773E9E500D9E39D /* TTGlobalUICommon.m in Sources */ = {isa = PBXBuildFile; fileRef = EAECCD0D1773E9E500D9E39D /* TTGlobalUICommon.m */; };
		EAECCD3E1773E9E500D9E39D /* TTListDataSource.m in Sources */ = {isa = PBXBuildFile; fileRef = EAECCD0F1773E9E500D9E39D /* TTListDataSource.m */; };
		EAECCD3F1773E9E500D9E39D /* TTSectionedDataSource.m in Sources */ = {isa = PBXBuildFile; fileRef = EAECCD111773E9E500D9E39D /* TTSectionedDataSource.m */; };
		EAECCD401773E9E500D9E39D /* TTStyleSheet.m in Sources */ = {isa = PBXBuildFile; fileRef = EAECCD131773E9E500D9E39D /* TTStyleSheet.m */; };
		EAECCD411773E9E500D9E39D /* TTTableItem.m in Sources */ = {isa = PBXBuildFile; fileRef = EAECCD151773E9E500D9E39D /* TTTableItem.m */; };
		EAECCD421773E9E500D9E39D /* TTTableLinkedItem.m in Sources */ = {isa = PBXBuildFile; fileRef = EAECCD171773E9E500D9E39D /* TTTableLinkedItem.m */; };
		EAECCD431773E9E500D9E39D /* TTTableLinkedItemCell.m in Sources */ = {isa = PBXBuildFile; fileRef = EAECCD191773E9E500D9E39D /* TTTableLinkedItemCell.m */; };
		EAECCD441773E9E500D9E39D /* TTTableSection.m in Sources */ = {isa = PBXBuildFile; fileRef = EAECCD1B1773E9E500D9E39D /* TTTableSection.m */; };
		EAECCD451773E9E500D9E39D /* TTTableTextItem.m in Sources */ = {isa = PBXBuildFile; fileRef = EAECCD1D1773E9E500D9E39D /* TTTableTextItem.m */; };
		EAECCD461773E9E500D9E39D /* TTTableTextItemCell.m in Sources */ = {isa = PBXBuildFile; fileRef = EAECCD1F1773E9E500D9E39D /* TTTableTextItemCell.m */; };
		EAECCD471773E9E500D9E39D /* TTTableViewCell.m in Sources */ = {isa = PBXBuildFile; fileRef = EAECCD211773E9E500D9E39D /* TTTableViewCell.m */; };
		EAECCD481773E9E500D9E39D /* TTTableViewController.m in Sources */ = {isa = PBXBuildFile; fileRef = EAECCD231773E9E500D9E39D /* TTTableViewController.m */; };
		EAECCD491773E9E500D9E39D /* TTTableViewDataSource.m in Sources */ = {isa = PBXBuildFile; fileRef = EAECCD251773E9E500D9E39D /* TTTableViewDataSource.m */; };
		EAECCD4A1773E9E500D9E39D /* TTTableViewDelegate.m in Sources */ = {isa = PBXBuildFile; fileRef = EAECCD271773E9E500D9E39D /* TTTableViewDelegate.m */; };
		EAECCD4B1773E9E500D9E39D /* TTTableViewVarHeightDelegate.m in Sources */ = {isa = PBXBuildFile; fileRef = EAECCD291773E9E500D9E39D /* TTTableViewVarHeightDelegate.m */; };
		EAECCD4C1773E9E500D9E39D /* UIColorAdditions.m in Sources */ = {isa = PBXBuildFile; fileRef = EAECCD2B1773E9E500D9E39D /* UIColorAdditions.m */; };
		EAECCD4D1773E9E500D9E39D /* UIImageAdditions.m in Sources */ = {isa = PBXBuildFile; fileRef = EAECCD2D1773E9E500D9E39D /* UIImageAdditions.m */; };
		EAECCD4E1773E9E500D9E39D /* UINavigationBar+Background.m in Sources */ = {isa = PBXBuildFile; fileRef = EAECCD2F1773E9E500D9E39D /* UINavigationBar+Background.m */; };
		EAECCD4F1773E9E500D9E39D /* UITableViewAdditions.m in Sources */ = {isa = PBXBuildFile; fileRef = EAECCD311773E9E500D9E39D /* UITableViewAdditions.m */; };
		EAECCD501773E9E500D9E39D /* UIView+FrameCategory.m in Sources */ = {isa = PBXBuildFile; fileRef = EAECCD331773E9E500D9E39D /* UIView+FrameCategory.m */; };
		EAECCD511773E9E500D9E39D /* UIWindowAdditions.m in Sources */ = {isa = PBXBuildFile; fileRef = EAECCD351773E9E500D9E39D /* UIWindowAdditions.m */; };
		EAECCD5D1773ECEC00D9E39D /* QuartzCore.framework in Frameworks */ = {isa = PBXBuildFile; fileRef = EAECCD5C1773ECEC00D9E39D /* QuartzCore.framework */; };
		EAECCD5E1773ECFE00D9E39D /* UIKit.framework in Frameworks */ = {isa = PBXBuildFile; fileRef = EAECCCCB1773E83A00D9E39D /* UIKit.framework */; };
		EAECCD5F1773ED0900D9E39D /* CoreGraphics.framework in Frameworks */ = {isa = PBXBuildFile; fileRef = EAECCCCF1773E83A00D9E39D /* CoreGraphics.framework */; };
		EAEF7A0D1793C029002B90E1 /* MessageUI.framework in Frameworks */ = {isa = PBXBuildFile; fileRef = EAEF79A61793B95D002B90E1 /* MessageUI.framework */; };
		EAEF7A0E1793C02F002B90E1 /* ImageIO.framework in Frameworks */ = {isa = PBXBuildFile; fileRef = EAEF79A81793B963002B90E1 /* ImageIO.framework */; };
/* End PBXBuildFile section */

/* Begin PBXCopyFilesBuildPhase section */
		EAECCCEA1773E87D00D9E39D /* CopyFiles */ = {
			isa = PBXCopyFilesBuildPhase;
			buildActionMask = 2147483647;
			dstPath = "include/${PRODUCT_NAME}";
			dstSubfolderSpec = 16;
			files = (
				EAECCCF21773E87E00D9E39D /* LittleGhostCore.h in CopyFiles */,
			);
			runOnlyForDeploymentPostprocessing = 0;
		};
/* End PBXCopyFilesBuildPhase section */

/* Begin PBXFileReference section */
		1F4C35B317BBAB2B00E9A9A3 /* NSDateAdditions.h */ = {isa = PBXFileReference; fileEncoding = 4; lastKnownFileType = sourcecode.c.h; path = NSDateAdditions.h; sourceTree = "<group>"; };
		1F4C35B417BBAB2B00E9A9A3 /* NSDateAdditions.m */ = {isa = PBXFileReference; fileEncoding = 4; lastKnownFileType = sourcecode.c.objc; path = NSDateAdditions.m; sourceTree = "<group>"; };
		1F4C35B617BBB76A00E9A9A3 /* UIView+TTUICommon.h */ = {isa = PBXFileReference; fileEncoding = 4; lastKnownFileType = sourcecode.c.h; path = "UIView+TTUICommon.h"; sourceTree = "<group>"; };
		1F4C35B717BBB76A00E9A9A3 /* UIView+TTUICommon.m */ = {isa = PBXFileReference; fileEncoding = 4; lastKnownFileType = sourcecode.c.objc; path = "UIView+TTUICommon.m"; sourceTree = "<group>"; };
		EA33DCF317978DE100266660 /* IAInfiniteGridView.h */ = {isa = PBXFileReference; fileEncoding = 4; lastKnownFileType = sourcecode.c.h; path = IAInfiniteGridView.h; sourceTree = "<group>"; };
		EA33DCF417978DE100266660 /* IAInfiniteGridView.m */ = {isa = PBXFileReference; fileEncoding = 4; lastKnownFileType = sourcecode.c.objc; path = IAInfiniteGridView.m; sourceTree = "<group>"; };
		EA6FC1CD1798C4BF00227DD1 /* LGLazyScrollView.h */ = {isa = PBXFileReference; fileEncoding = 4; lastKnownFileType = sourcecode.c.h; path = LGLazyScrollView.h; sourceTree = "<group>"; };
		EA6FC1CE1798C4BF00227DD1 /* LGLazyScrollView.m */ = {isa = PBXFileReference; fileEncoding = 4; lastKnownFileType = sourcecode.c.objc; path = LGLazyScrollView.m; sourceTree = "<group>"; };
		EA6FC1D41798E3A000227DD1 /* JTListView.h */ = {isa = PBXFileReference; fileEncoding = 4; lastKnownFileType = sourcecode.c.h; path = JTListView.h; sourceTree = "<group>"; };
		EA6FC1D51798E3A000227DD1 /* JTListView.m */ = {isa = PBXFileReference; fileEncoding = 4; lastKnownFileType = sourcecode.c.objc; path = JTListView.m; sourceTree = "<group>"; };
		EAD42C51177932AC001ACF3C /* LGLocationService.h */ = {isa = PBXFileReference; fileEncoding = 4; lastKnownFileType = sourcecode.c.h; path = LGLocationService.h; sourceTree = "<group>"; };
		EAD42C52177932AC001ACF3C /* LGLocationService.m */ = {isa = PBXFileReference; fileEncoding = 4; lastKnownFileType = sourcecode.c.objc; path = LGLocationService.m; sourceTree = "<group>"; };
		EAD42C5817793B40001ACF3C /* CoreLocation.framework */ = {isa = PBXFileReference; lastKnownFileType = wrapper.framework; name = CoreLocation.framework; path = System/Library/Frameworks/CoreLocation.framework; sourceTree = SDKROOT; };
		EAD42C7217793C21001ACF3C /* MapKit.framework */ = {isa = PBXFileReference; lastKnownFileType = wrapper.framework; name = MapKit.framework; path = System/Library/Frameworks/MapKit.framework; sourceTree = SDKROOT; };
		EAD42C7417793C2A001ACF3C /* MobileCoreServices.framework */ = {isa = PBXFileReference; lastKnownFileType = wrapper.framework; name = MobileCoreServices.framework; path = System/Library/Frameworks/MobileCoreServices.framework; sourceTree = SDKROOT; };
		EAD42C7E1779457B001ACF3C /* NSMutableDictionary+AddNilObject.h */ = {isa = PBXFileReference; fileEncoding = 4; lastKnownFileType = sourcecode.c.h; path = "NSMutableDictionary+AddNilObject.h"; sourceTree = "<group>"; };
		EAD42C7F1779457B001ACF3C /* NSMutableDictionary+AddNilObject.m */ = {isa = PBXFileReference; fileEncoding = 4; lastKnownFileType = sourcecode.c.objc; path = "NSMutableDictionary+AddNilObject.m"; sourceTree = "<group>"; };
		EAE1419A178264E30005D53F /* LGPopListView.h */ = {isa = PBXFileReference; fileEncoding = 4; lastKnownFileType = sourcecode.c.h; path = LGPopListView.h; sourceTree = "<group>"; };
		EAE1419B178264E30005D53F /* LGPopListView.m */ = {isa = PBXFileReference; fileEncoding = 4; lastKnownFileType = sourcecode.c.objc; path = LGPopListView.m; sourceTree = "<group>"; };
		EAE1419C178264E30005D53F /* LGPopListViewCell.h */ = {isa = PBXFileReference; fileEncoding = 4; lastKnownFileType = sourcecode.c.h; path = LGPopListViewCell.h; sourceTree = "<group>"; };
		EAE1419D178264E30005D53F /* LGPopListViewCell.m */ = {isa = PBXFileReference; fileEncoding = 4; lastKnownFileType = sourcecode.c.objc; path = LGPopListViewCell.m; sourceTree = "<group>"; };
		EAECCCCB1773E83A00D9E39D /* UIKit.framework */ = {isa = PBXFileReference; lastKnownFileType = wrapper.framework; name = UIKit.framework; path = System/Library/Frameworks/UIKit.framework; sourceTree = SDKROOT; };
		EAECCCCD1773E83A00D9E39D /* Foundation.framework */ = {isa = PBXFileReference; lastKnownFileType = wrapper.framework; name = Foundation.framework; path = System/Library/Frameworks/Foundation.framework; sourceTree = SDKROOT; };
		EAECCCCF1773E83A00D9E39D /* CoreGraphics.framework */ = {isa = PBXFileReference; lastKnownFileType = wrapper.framework; name = CoreGraphics.framework; path = System/Library/Frameworks/CoreGraphics.framework; sourceTree = SDKROOT; };
		EAECCCD51773E83A00D9E39D /* en */ = {isa = PBXFileReference; lastKnownFileType = text.plist.strings; name = en; path = en.lproj/InfoPlist.strings; sourceTree = "<group>"; };
		EAECCCD71773E83A00D9E39D /* main.m */ = {isa = PBXFileReference; lastKnownFileType = sourcecode.c.objc; path = main.m; sourceTree = "<group>"; };
		EAECCCD91773E83A00D9E39D /* LittleGhostCore-Prefix.pch */ = {isa = PBXFileReference; lastKnownFileType = sourcecode.c.h; path = "LittleGhostCore-Prefix.pch"; sourceTree = "<group>"; };
		EAECCCEC1773E87D00D9E39D /* libLittleGhostCore.a */ = {isa = PBXFileReference; explicitFileType = archive.ar; includeInIndex = 0; path = libLittleGhostCore.a; sourceTree = BUILT_PRODUCTS_DIR; };
		EAECCCF01773E87E00D9E39D /* LittleGhostCore-Prefix.pch */ = {isa = PBXFileReference; lastKnownFileType = sourcecode.c.h; path = "LittleGhostCore-Prefix.pch"; sourceTree = "<group>"; };
		EAECCCF11773E87E00D9E39D /* LittleGhostCore.h */ = {isa = PBXFileReference; lastKnownFileType = sourcecode.c.h; path = LittleGhostCore.h; sourceTree = "<group>"; };
		EAECCCF31773E87E00D9E39D /* LittleGhostCore.m */ = {isa = PBXFileReference; lastKnownFileType = sourcecode.c.objc; path = LittleGhostCore.m; sourceTree = "<group>"; };
		EAECCCFB1773E9E500D9E39D /* LGAdditions.h */ = {isa = PBXFileReference; fileEncoding = 4; lastKnownFileType = sourcecode.c.h; path = LGAdditions.h; sourceTree = "<group>"; };
		EAECCCFC1773E9E500D9E39D /* LGCommon.h */ = {isa = PBXFileReference; fileEncoding = 4; lastKnownFileType = sourcecode.c.h; path = LGCommon.h; sourceTree = "<group>"; };
		EAECCCFD1773E9E500D9E39D /* NSDataAdditions.h */ = {isa = PBXFileReference; fileEncoding = 4; lastKnownFileType = sourcecode.c.h; path = NSDataAdditions.h; sourceTree = "<group>"; };
		EAECCCFE1773E9E500D9E39D /* NSDataAdditions.m */ = {isa = PBXFileReference; fileEncoding = 4; lastKnownFileType = sourcecode.c.objc; path = NSDataAdditions.m; sourceTree = "<group>"; };
		EAECCCFF1773E9E500D9E39D /* NSStringAdditions.h */ = {isa = PBXFileReference; fileEncoding = 4; lastKnownFileType = sourcecode.c.h; path = NSStringAdditions.h; sourceTree = "<group>"; };
		EAECCD001773E9E500D9E39D /* NSStringAdditions.m */ = {isa = PBXFileReference; fileEncoding = 4; lastKnownFileType = sourcecode.c.objc; path = NSStringAdditions.m; sourceTree = "<group>"; };
		EAECCD011773E9E500D9E39D /* TTCorePreprocessorMacros.h */ = {isa = PBXFileReference; fileEncoding = 4; lastKnownFileType = sourcecode.c.h; path = TTCorePreprocessorMacros.h; sourceTree = "<group>"; };
		EAECCD021773E9E500D9E39D /* TTDebug.h */ = {isa = PBXFileReference; fileEncoding = 4; lastKnownFileType = sourcecode.c.h; path = TTDebug.h; sourceTree = "<group>"; };
		EAECCD031773E9E500D9E39D /* TTDebug.m */ = {isa = PBXFileReference; fileEncoding = 4; lastKnownFileType = sourcecode.c.objc; path = TTDebug.m; sourceTree = "<group>"; };
		EAECCD041773E9E500D9E39D /* TTDefaultStyleSheet.h */ = {isa = PBXFileReference; fileEncoding = 4; lastKnownFileType = sourcecode.c.h; path = TTDefaultStyleSheet.h; sourceTree = "<group>"; };
		EAECCD051773E9E500D9E39D /* TTDefaultStyleSheet.m */ = {isa = PBXFileReference; fileEncoding = 4; lastKnownFileType = sourcecode.c.objc; path = TTDefaultStyleSheet.m; sourceTree = "<group>"; };
		EAECCD061773E9E500D9E39D /* TTGlobalCoreLocale.h */ = {isa = PBXFileReference; fileEncoding = 4; lastKnownFileType = sourcecode.c.h; path = TTGlobalCoreLocale.h; sourceTree = "<group>"; };
		EAECCD071773E9E500D9E39D /* TTGlobalCoreLocale.m */ = {isa = PBXFileReference; fileEncoding = 4; lastKnownFileType = sourcecode.c.objc; path = TTGlobalCoreLocale.m; sourceTree = "<group>"; };
		EAECCD081773E9E500D9E39D /* TTGlobalCorePaths.h */ = {isa = PBXFileReference; fileEncoding = 4; lastKnownFileType = sourcecode.c.h; path = TTGlobalCorePaths.h; sourceTree = "<group>"; };
		EAECCD091773E9E500D9E39D /* TTGlobalCorePaths.m */ = {isa = PBXFileReference; fileEncoding = 4; lastKnownFileType = sourcecode.c.objc; path = TTGlobalCorePaths.m; sourceTree = "<group>"; };
		EAECCD0A1773E9E500D9E39D /* TTGlobalStyle.h */ = {isa = PBXFileReference; fileEncoding = 4; lastKnownFileType = sourcecode.c.h; path = TTGlobalStyle.h; sourceTree = "<group>"; };
		EAECCD0B1773E9E500D9E39D /* TTGlobalStyle.m */ = {isa = PBXFileReference; fileEncoding = 4; lastKnownFileType = sourcecode.c.objc; path = TTGlobalStyle.m; sourceTree = "<group>"; };
		EAECCD0C1773E9E500D9E39D /* TTGlobalUICommon.h */ = {isa = PBXFileReference; fileEncoding = 4; lastKnownFileType = sourcecode.c.h; path = TTGlobalUICommon.h; sourceTree = "<group>"; };
		EAECCD0D1773E9E500D9E39D /* TTGlobalUICommon.m */ = {isa = PBXFileReference; fileEncoding = 4; lastKnownFileType = sourcecode.c.objc; path = TTGlobalUICommon.m; sourceTree = "<group>"; };
		EAECCD0E1773E9E500D9E39D /* TTListDataSource.h */ = {isa = PBXFileReference; fileEncoding = 4; lastKnownFileType = sourcecode.c.h; path = TTListDataSource.h; sourceTree = "<group>"; };
		EAECCD0F1773E9E500D9E39D /* TTListDataSource.m */ = {isa = PBXFileReference; fileEncoding = 4; lastKnownFileType = sourcecode.c.objc; path = TTListDataSource.m; sourceTree = "<group>"; };
		EAECCD101773E9E500D9E39D /* TTSectionedDataSource.h */ = {isa = PBXFileReference; fileEncoding = 4; lastKnownFileType = sourcecode.c.h; path = TTSectionedDataSource.h; sourceTree = "<group>"; };
		EAECCD111773E9E500D9E39D /* TTSectionedDataSource.m */ = {isa = PBXFileReference; fileEncoding = 4; lastKnownFileType = sourcecode.c.objc; path = TTSectionedDataSource.m; sourceTree = "<group>"; };
		EAECCD121773E9E500D9E39D /* TTStyleSheet.h */ = {isa = PBXFileReference; fileEncoding = 4; lastKnownFileType = sourcecode.c.h; path = TTStyleSheet.h; sourceTree = "<group>"; };
		EAECCD131773E9E500D9E39D /* TTStyleSheet.m */ = {isa = PBXFileReference; fileEncoding = 4; lastKnownFileType = sourcecode.c.objc; path = TTStyleSheet.m; sourceTree = "<group>"; };
		EAECCD141773E9E500D9E39D /* TTTableItem.h */ = {isa = PBXFileReference; fileEncoding = 4; lastKnownFileType = sourcecode.c.h; path = TTTableItem.h; sourceTree = "<group>"; };
		EAECCD151773E9E500D9E39D /* TTTableItem.m */ = {isa = PBXFileReference; fileEncoding = 4; lastKnownFileType = sourcecode.c.objc; path = TTTableItem.m; sourceTree = "<group>"; };
		EAECCD161773E9E500D9E39D /* TTTableLinkedItem.h */ = {isa = PBXFileReference; fileEncoding = 4; lastKnownFileType = sourcecode.c.h; path = TTTableLinkedItem.h; sourceTree = "<group>"; };
		EAECCD171773E9E500D9E39D /* TTTableLinkedItem.m */ = {isa = PBXFileReference; fileEncoding = 4; lastKnownFileType = sourcecode.c.objc; path = TTTableLinkedItem.m; sourceTree = "<group>"; };
		EAECCD181773E9E500D9E39D /* TTTableLinkedItemCell.h */ = {isa = PBXFileReference; fileEncoding = 4; lastKnownFileType = sourcecode.c.h; path = TTTableLinkedItemCell.h; sourceTree = "<group>"; };
		EAECCD191773E9E500D9E39D /* TTTableLinkedItemCell.m */ = {isa = PBXFileReference; fileEncoding = 4; lastKnownFileType = sourcecode.c.objc; path = TTTableLinkedItemCell.m; sourceTree = "<group>"; };
		EAECCD1A1773E9E500D9E39D /* TTTableSection.h */ = {isa = PBXFileReference; fileEncoding = 4; lastKnownFileType = sourcecode.c.h; path = TTTableSection.h; sourceTree = "<group>"; };
		EAECCD1B1773E9E500D9E39D /* TTTableSection.m */ = {isa = PBXFileReference; fileEncoding = 4; lastKnownFileType = sourcecode.c.objc; path = TTTableSection.m; sourceTree = "<group>"; };
		EAECCD1C1773E9E500D9E39D /* TTTableTextItem.h */ = {isa = PBXFileReference; fileEncoding = 4; lastKnownFileType = sourcecode.c.h; path = TTTableTextItem.h; sourceTree = "<group>"; };
		EAECCD1D1773E9E500D9E39D /* TTTableTextItem.m */ = {isa = PBXFileReference; fileEncoding = 4; lastKnownFileType = sourcecode.c.objc; path = TTTableTextItem.m; sourceTree = "<group>"; };
		EAECCD1E1773E9E500D9E39D /* TTTableTextItemCell.h */ = {isa = PBXFileReference; fileEncoding = 4; lastKnownFileType = sourcecode.c.h; path = TTTableTextItemCell.h; sourceTree = "<group>"; };
		EAECCD1F1773E9E500D9E39D /* TTTableTextItemCell.m */ = {isa = PBXFileReference; fileEncoding = 4; lastKnownFileType = sourcecode.c.objc; path = TTTableTextItemCell.m; sourceTree = "<group>"; };
		EAECCD201773E9E500D9E39D /* TTTableViewCell.h */ = {isa = PBXFileReference; fileEncoding = 4; lastKnownFileType = sourcecode.c.h; path = TTTableViewCell.h; sourceTree = "<group>"; };
		EAECCD211773E9E500D9E39D /* TTTableViewCell.m */ = {isa = PBXFileReference; fileEncoding = 4; lastKnownFileType = sourcecode.c.objc; path = TTTableViewCell.m; sourceTree = "<group>"; };
		EAECCD221773E9E500D9E39D /* TTTableViewController.h */ = {isa = PBXFileReference; fileEncoding = 4; lastKnownFileType = sourcecode.c.h; path = TTTableViewController.h; sourceTree = "<group>"; };
		EAECCD231773E9E500D9E39D /* TTTableViewController.m */ = {isa = PBXFileReference; fileEncoding = 4; lastKnownFileType = sourcecode.c.objc; path = TTTableViewController.m; sourceTree = "<group>"; };
		EAECCD241773E9E500D9E39D /* TTTableViewDataSource.h */ = {isa = PBXFileReference; fileEncoding = 4; lastKnownFileType = sourcecode.c.h; path = TTTableViewDataSource.h; sourceTree = "<group>"; };
		EAECCD251773E9E500D9E39D /* TTTableViewDataSource.m */ = {isa = PBXFileReference; fileEncoding = 4; lastKnownFileType = sourcecode.c.objc; path = TTTableViewDataSource.m; sourceTree = "<group>"; };
		EAECCD261773E9E500D9E39D /* TTTableViewDelegate.h */ = {isa = PBXFileReference; fileEncoding = 4; lastKnownFileType = sourcecode.c.h; path = TTTableViewDelegate.h; sourceTree = "<group>"; };
		EAECCD271773E9E500D9E39D /* TTTableViewDelegate.m */ = {isa = PBXFileReference; fileEncoding = 4; lastKnownFileType = sourcecode.c.objc; path = TTTableViewDelegate.m; sourceTree = "<group>"; };
		EAECCD281773E9E500D9E39D /* TTTableViewVarHeightDelegate.h */ = {isa = PBXFileReference; fileEncoding = 4; lastKnownFileType = sourcecode.c.h; path = TTTableViewVarHeightDelegate.h; sourceTree = "<group>"; };
		EAECCD291773E9E500D9E39D /* TTTableViewVarHeightDelegate.m */ = {isa = PBXFileReference; fileEncoding = 4; lastKnownFileType = sourcecode.c.objc; path = TTTableViewVarHeightDelegate.m; sourceTree = "<group>"; };
		EAECCD2A1773E9E500D9E39D /* UIColorAdditions.h */ = {isa = PBXFileReference; fileEncoding = 4; lastKnownFileType = sourcecode.c.h; path = UIColorAdditions.h; sourceTree = "<group>"; };
		EAECCD2B1773E9E500D9E39D /* UIColorAdditions.m */ = {isa = PBXFileReference; fileEncoding = 4; lastKnownFileType = sourcecode.c.objc; path = UIColorAdditions.m; sourceTree = "<group>"; };
		EAECCD2C1773E9E500D9E39D /* UIImageAdditions.h */ = {isa = PBXFileReference; fileEncoding = 4; lastKnownFileType = sourcecode.c.h; path = UIImageAdditions.h; sourceTree = "<group>"; };
		EAECCD2D1773E9E500D9E39D /* UIImageAdditions.m */ = {isa = PBXFileReference; fileEncoding = 4; lastKnownFileType = sourcecode.c.objc; path = UIImageAdditions.m; sourceTree = "<group>"; };
		EAECCD2E1773E9E500D9E39D /* UINavigationBar+Background.h */ = {isa = PBXFileReference; fileEncoding = 4; lastKnownFileType = sourcecode.c.h; path = "UINavigationBar+Background.h"; sourceTree = "<group>"; };
		EAECCD2F1773E9E500D9E39D /* UINavigationBar+Background.m */ = {isa = PBXFileReference; fileEncoding = 4; lastKnownFileType = sourcecode.c.objc; path = "UINavigationBar+Background.m"; sourceTree = "<group>"; };
		EAECCD301773E9E500D9E39D /* UITableViewAdditions.h */ = {isa = PBXFileReference; fileEncoding = 4; lastKnownFileType = sourcecode.c.h; path = UITableViewAdditions.h; sourceTree = "<group>"; };
		EAECCD311773E9E500D9E39D /* UITableViewAdditions.m */ = {isa = PBXFileReference; fileEncoding = 4; lastKnownFileType = sourcecode.c.objc; path = UITableViewAdditions.m; sourceTree = "<group>"; };
		EAECCD321773E9E500D9E39D /* UIView+FrameCategory.h */ = {isa = PBXFileReference; fileEncoding = 4; lastKnownFileType = sourcecode.c.h; path = "UIView+FrameCategory.h"; sourceTree = "<group>"; };
		EAECCD331773E9E500D9E39D /* UIView+FrameCategory.m */ = {isa = PBXFileReference; fileEncoding = 4; lastKnownFileType = sourcecode.c.objc; path = "UIView+FrameCategory.m"; sourceTree = "<group>"; };
		EAECCD341773E9E500D9E39D /* UIWindowAdditions.h */ = {isa = PBXFileReference; fileEncoding = 4; lastKnownFileType = sourcecode.c.h; path = UIWindowAdditions.h; sourceTree = "<group>"; };
		EAECCD351773E9E500D9E39D /* UIWindowAdditions.m */ = {isa = PBXFileReference; fileEncoding = 4; lastKnownFileType = sourcecode.c.objc; path = UIWindowAdditions.m; sourceTree = "<group>"; };
		EAECCD5C1773ECEC00D9E39D /* QuartzCore.framework */ = {isa = PBXFileReference; lastKnownFileType = wrapper.framework; name = QuartzCore.framework; path = System/Library/Frameworks/QuartzCore.framework; sourceTree = SDKROOT; };
		EAECCD601773EE1100D9E39D /* LGTableView.h */ = {isa = PBXFileReference; lastKnownFileType = sourcecode.c.h; path = LGTableView.h; sourceTree = "<group>"; };
		EAEF79A61793B95D002B90E1 /* MessageUI.framework */ = {isa = PBXFileReference; lastKnownFileType = wrapper.framework; name = MessageUI.framework; path = System/Library/Frameworks/MessageUI.framework; sourceTree = SDKROOT; };
		EAEF79A81793B963002B90E1 /* ImageIO.framework */ = {isa = PBXFileReference; lastKnownFileType = wrapper.framework; name = ImageIO.framework; path = System/Library/Frameworks/ImageIO.framework; sourceTree = SDKROOT; };
/* End PBXFileReference section */

/* Begin PBXFrameworksBuildPhase section */
		EAECCCE91773E87D00D9E39D /* Frameworks */ = {
			isa = PBXFrameworksBuildPhase;
			buildActionMask = 2147483647;
			files = (
				EAEF7A0E1793C02F002B90E1 /* ImageIO.framework in Frameworks */,
				EAEF7A0D1793C029002B90E1 /* MessageUI.framework in Frameworks */,
				EAD42C7517793C2A001ACF3C /* MobileCoreServices.framework in Frameworks */,
				EAD42C7317793C21001ACF3C /* MapKit.framework in Frameworks */,
				EAD42C5917793B40001ACF3C /* CoreLocation.framework in Frameworks */,
				EAECCD5F1773ED0900D9E39D /* CoreGraphics.framework in Frameworks */,
				EAECCD5E1773ECFE00D9E39D /* UIKit.framework in Frameworks */,
				EAECCD5D1773ECEC00D9E39D /* QuartzCore.framework in Frameworks */,
				EAECCCED1773E87E00D9E39D /* Foundation.framework in Frameworks */,
			);
			runOnlyForDeploymentPostprocessing = 0;
		};
/* End PBXFrameworksBuildPhase section */

/* Begin PBXGroup section */
		EA33DCF217978DD600266660 /* IAInfiniteGridView */ = {
			isa = PBXGroup;
			children = (
				EA33DCF317978DE100266660 /* IAInfiniteGridView.h */,
				EA33DCF417978DE100266660 /* IAInfiniteGridView.m */,
			);
			name = IAInfiniteGridView;
			sourceTree = "<group>";
		};
		EA6FC1D31798E38500227DD1 /* JTListView */ = {
			isa = PBXGroup;
			children = (
				EA6FC1D41798E3A000227DD1 /* JTListView.h */,
				EA6FC1D51798E3A000227DD1 /* JTListView.m */,
			);
			name = JTListView;
			sourceTree = "<group>";
		};
		EAE14199178264CE0005D53F /* LevelPopListView */ = {
			isa = PBXGroup;
			children = (
				EAE1419A178264E30005D53F /* LGPopListView.h */,
				EAE1419B178264E30005D53F /* LGPopListView.m */,
				EAE1419C178264E30005D53F /* LGPopListViewCell.h */,
				EAE1419D178264E30005D53F /* LGPopListViewCell.m */,
			);
			name = LevelPopListView;
			sourceTree = "<group>";
		};
		EAECCCBF1773E83A00D9E39D = {
			isa = PBXGroup;
			children = (
				EAECCCCA1773E83A00D9E39D /* Frameworks */,
				EAECCCD11773E83A00D9E39D /* LittleGhostCore */,
				EAECCCEE1773E87E00D9E39D /* LittleGhostCore */,
				EAECCCC91773E83A00D9E39D /* Products */,
			);
			sourceTree = "<group>";
		};
		EAECCCC91773E83A00D9E39D /* Products */ = {
			isa = PBXGroup;
			children = (
				EAECCCEC1773E87D00D9E39D /* libLittleGhostCore.a */,
			);
			name = Products;
			sourceTree = "<group>";
		};
		EAECCCCA1773E83A00D9E39D /* Frameworks */ = {
			isa = PBXGroup;
			children = (
				EAEF79A81793B963002B90E1 /* ImageIO.framework */,
				EAEF79A61793B95D002B90E1 /* MessageUI.framework */,
				EAD42C7417793C2A001ACF3C /* MobileCoreServices.framework */,
				EAD42C7217793C21001ACF3C /* MapKit.framework */,
				EAD42C5817793B40001ACF3C /* CoreLocation.framework */,
				EAECCD5C1773ECEC00D9E39D /* QuartzCore.framework */,
				EAECCCCB1773E83A00D9E39D /* UIKit.framework */,
				EAECCCCD1773E83A00D9E39D /* Foundation.framework */,
				EAECCCCF1773E83A00D9E39D /* CoreGraphics.framework */,
			);
			name = Frameworks;
			sourceTree = "<group>";
		};
		EAECCCD11773E83A00D9E39D /* LittleGhostCore */ = {
			isa = PBXGroup;
			children = (
				EAECCCFA1773E9E500D9E39D /* source */,
				EAECCCD21773E83A00D9E39D /* Supporting Files */,
			);
			path = LittleGhostCore;
			sourceTree = "<group>";
		};
		EAECCCD21773E83A00D9E39D /* Supporting Files */ = {
			isa = PBXGroup;
			children = (
				EAECCCD41773E83A00D9E39D /* InfoPlist.strings */,
				EAECCCD71773E83A00D9E39D /* main.m */,
				EAECCCD91773E83A00D9E39D /* LittleGhostCore-Prefix.pch */,
			);
			name = "Supporting Files";
			sourceTree = "<group>";
		};
		EAECCCEE1773E87E00D9E39D /* LittleGhostCore */ = {
			isa = PBXGroup;
			children = (
				EAECCCF11773E87E00D9E39D /* LittleGhostCore.h */,
				EAECCCF31773E87E00D9E39D /* LittleGhostCore.m */,
				EAECCCEF1773E87E00D9E39D /* Supporting Files */,
			);
			path = LittleGhostCore;
			sourceTree = "<group>";
		};
		EAECCCEF1773E87E00D9E39D /* Supporting Files */ = {
			isa = PBXGroup;
			children = (
				EAECCCF01773E87E00D9E39D /* LittleGhostCore-Prefix.pch */,
			);
			name = "Supporting Files";
			sourceTree = "<group>";
		};
		EAECCCFA1773E9E500D9E39D /* source */ = {
			isa = PBXGroup;
			children = (
				EA6FC1D31798E38500227DD1 /* JTListView */,
				EA33DCF217978DD600266660 /* IAInfiniteGridView */,
				EAE14199178264CE0005D53F /* LevelPopListView */,
				EAECCD5A1773EB1F00D9E39D /* Additions */,
				EAECCD581773EAB200D9E39D /* Common */,
				EAECCD521773E9EE00D9E39D /* TableView */,
				EA6FC1CD1798C4BF00227DD1 /* LGLazyScrollView.h */,
				EA6FC1CE1798C4BF00227DD1 /* LGLazyScrollView.m */,
			);
			path = source;
			sourceTree = "<group>";
		};
		EAECCD521773E9EE00D9E39D /* TableView */ = {
			isa = PBXGroup;
			children = (
				EAECCD571773EA4A00D9E39D /* TableViewDelegate */,
				EAECCD561773EA3B00D9E39D /* TableViewDataSource */,
				EAECCD551773EA1500D9E39D /* TableViewCell */,
				EAECCD541773EA0E00D9E39D /* TableViewItem */,
				EAECCD531773EA0000D9E39D /* TableViewController */,
				EAECCD601773EE1100D9E39D /* LGTableView.h */,
			);
			name = TableView;
			sourceTree = "<group>";
		};
		EAECCD531773EA0000D9E39D /* TableViewController */ = {
			isa = PBXGroup;
			children = (
				EAECCD221773E9E500D9E39D /* TTTableViewController.h */,
				EAECCD231773E9E500D9E39D /* TTTableViewController.m */,
			);
			name = TableViewController;
			sourceTree = "<group>";
		};
		EAECCD541773EA0E00D9E39D /* TableViewItem */ = {
			isa = PBXGroup;
			children = (
				EAECCD1A1773E9E500D9E39D /* TTTableSection.h */,
				EAECCD1B1773E9E500D9E39D /* TTTableSection.m */,
				EAECCD141773E9E500D9E39D /* TTTableItem.h */,
				EAECCD151773E9E500D9E39D /* TTTableItem.m */,
				EAECCD161773E9E500D9E39D /* TTTableLinkedItem.h */,
				EAECCD171773E9E500D9E39D /* TTTableLinkedItem.m */,
				EAECCD1C1773E9E500D9E39D /* TTTableTextItem.h */,
				EAECCD1D1773E9E500D9E39D /* TTTableTextItem.m */,
			);
			name = TableViewItem;
			sourceTree = "<group>";
		};
		EAECCD551773EA1500D9E39D /* TableViewCell */ = {
			isa = PBXGroup;
			children = (
				EAECCD181773E9E500D9E39D /* TTTableLinkedItemCell.h */,
				EAECCD191773E9E500D9E39D /* TTTableLinkedItemCell.m */,
				EAECCD1E1773E9E500D9E39D /* TTTableTextItemCell.h */,
				EAECCD1F1773E9E500D9E39D /* TTTableTextItemCell.m */,
				EAECCD201773E9E500D9E39D /* TTTableViewCell.h */,
				EAECCD211773E9E500D9E39D /* TTTableViewCell.m */,
			);
			name = TableViewCell;
			sourceTree = "<group>";
		};
		EAECCD561773EA3B00D9E39D /* TableViewDataSource */ = {
			isa = PBXGroup;
			children = (
				EAECCD0E1773E9E500D9E39D /* TTListDataSource.h */,
				EAECCD0F1773E9E500D9E39D /* TTListDataSource.m */,
				EAECCD101773E9E500D9E39D /* TTSectionedDataSource.h */,
				EAECCD111773E9E500D9E39D /* TTSectionedDataSource.m */,
				EAECCD241773E9E500D9E39D /* TTTableViewDataSource.h */,
				EAECCD251773E9E500D9E39D /* TTTableViewDataSource.m */,
			);
			name = TableViewDataSource;
			sourceTree = "<group>";
		};
		EAECCD571773EA4A00D9E39D /* TableViewDelegate */ = {
			isa = PBXGroup;
			children = (
				EAECCD261773E9E500D9E39D /* TTTableViewDelegate.h */,
				EAECCD271773E9E500D9E39D /* TTTableViewDelegate.m */,
				EAECCD281773E9E500D9E39D /* TTTableViewVarHeightDelegate.h */,
				EAECCD291773E9E500D9E39D /* TTTableViewVarHeightDelegate.m */,
			);
			name = TableViewDelegate;
			sourceTree = "<group>";
		};
		EAECCD581773EAB200D9E39D /* Common */ = {
			isa = PBXGroup;
			children = (
				EAD42C51177932AC001ACF3C /* LGLocationService.h */,
				EAD42C52177932AC001ACF3C /* LGLocationService.m */,
				EAECCCFC1773E9E500D9E39D /* LGCommon.h */,
				EAECCD011773E9E500D9E39D /* TTCorePreprocessorMacros.h */,
				EAECCD021773E9E500D9E39D /* TTDebug.h */,
				EAECCD061773E9E500D9E39D /* TTGlobalCoreLocale.h */,
				EAECCD081773E9E500D9E39D /* TTGlobalCorePaths.h */,
				EAECCD0C1773E9E500D9E39D /* TTGlobalUICommon.h */,
				EAECCD031773E9E500D9E39D /* TTDebug.m */,
				EAECCD071773E9E500D9E39D /* TTGlobalCoreLocale.m */,
				EAECCD091773E9E500D9E39D /* TTGlobalCorePaths.m */,
				EAECCD0D1773E9E500D9E39D /* TTGlobalUICommon.m */,
				EAECCD591773EAD000D9E39D /* style */,
			);
			name = Common;
			sourceTree = "<group>";
		};
		EAECCD591773EAD000D9E39D /* style */ = {
			isa = PBXGroup;
			children = (
				EAECCD041773E9E500D9E39D /* TTDefaultStyleSheet.h */,
				EAECCD051773E9E500D9E39D /* TTDefaultStyleSheet.m */,
				EAECCD0A1773E9E500D9E39D /* TTGlobalStyle.h */,
				EAECCD0B1773E9E500D9E39D /* TTGlobalStyle.m */,
				EAECCD121773E9E500D9E39D /* TTStyleSheet.h */,
				EAECCD131773E9E500D9E39D /* TTStyleSheet.m */,
			);
			name = style;
			sourceTree = "<group>";
		};
		EAECCD5A1773EB1F00D9E39D /* Additions */ = {
			isa = PBXGroup;
			children = (
				EAECCCFB1773E9E500D9E39D /* LGAdditions.h */,
				1F4C35B317BBAB2B00E9A9A3 /* NSDateAdditions.h */,
				1F4C35B417BBAB2B00E9A9A3 /* NSDateAdditions.m */,
				EAECCCFD1773E9E500D9E39D /* NSDataAdditions.h */,
				EAECCCFE1773E9E500D9E39D /* NSDataAdditions.m */,
				EAECCCFF1773E9E500D9E39D /* NSStringAdditions.h */,
				EAECCD001773E9E500D9E39D /* NSStringAdditions.m */,
				EAECCD2A1773E9E500D9E39D /* UIColorAdditions.h */,
				EAECCD2B1773E9E500D9E39D /* UIColorAdditions.m */,
				EAECCD2C1773E9E500D9E39D /* UIImageAdditions.h */,
				EAECCD2D1773E9E500D9E39D /* UIImageAdditions.m */,
				EAECCD2E1773E9E500D9E39D /* UINavigationBar+Background.h */,
				EAECCD2F1773E9E500D9E39D /* UINavigationBar+Background.m */,
				EAECCD301773E9E500D9E39D /* UITableViewAdditions.h */,
				EAECCD311773E9E500D9E39D /* UITableViewAdditions.m */,
				EAECCD321773E9E500D9E39D /* UIView+FrameCategory.h */,
				EAECCD331773E9E500D9E39D /* UIView+FrameCategory.m */,
				1F4C35B617BBB76A00E9A9A3 /* UIView+TTUICommon.h */,
				1F4C35B717BBB76A00E9A9A3 /* UIView+TTUICommon.m */,
				EAECCD341773E9E500D9E39D /* UIWindowAdditions.h */,
				EAECCD351773E9E500D9E39D /* UIWindowAdditions.m */,
				EAD42C7E1779457B001ACF3C /* NSMutableDictionary+AddNilObject.h */,
				EAD42C7F1779457B001ACF3C /* NSMutableDictionary+AddNilObject.m */,
			);
			name = Additions;
			sourceTree = "<group>";
		};
/* End PBXGroup section */

/* Begin PBXNativeTarget section */
		EAECCCEB1773E87D00D9E39D /* LittleGhostCore */ = {
			isa = PBXNativeTarget;
			buildConfigurationList = EAECCCF51773E87E00D9E39D /* Build configuration list for PBXNativeTarget "LittleGhostCore" */;
			buildPhases = (
				EAECCCE81773E87D00D9E39D /* Sources */,
				EAECCCE91773E87D00D9E39D /* Frameworks */,
				EAECCCEA1773E87D00D9E39D /* CopyFiles */,
				EAEF7A0A1793BF0F002B90E1 /* Resources */,
			);
			buildRules = (
			);
			dependencies = (
			);
			name = LittleGhostCore;
			productName = LittleGhostCore;
			productReference = EAECCCEC1773E87D00D9E39D /* libLittleGhostCore.a */;
			productType = "com.apple.product-type.library.static";
		};
/* End PBXNativeTarget section */

/* Begin PBXProject section */
		EAECCCC01773E83A00D9E39D /* Project object */ = {
			isa = PBXProject;
			attributes = {
				LastUpgradeCheck = 0460;
				ORGANIZATIONNAME = "gft ";
			};
			buildConfigurationList = EAECCCC31773E83A00D9E39D /* Build configuration list for PBXProject "LittleGhostCore" */;
			compatibilityVersion = "Xcode 3.2";
			developmentRegion = English;
			hasScannedForEncodings = 0;
			knownRegions = (
				en,
			);
			mainGroup = EAECCCBF1773E83A00D9E39D;
			productRefGroup = EAECCCC91773E83A00D9E39D /* Products */;
			projectDirPath = "";
			projectRoot = "";
			targets = (
				EAECCCEB1773E87D00D9E39D /* LittleGhostCore */,
			);
		};
/* End PBXProject section */

/* Begin PBXResourcesBuildPhase section */
		EAEF7A0A1793BF0F002B90E1 /* Resources */ = {
			isa = PBXResourcesBuildPhase;
			buildActionMask = 2147483647;
			files = (
			);
			runOnlyForDeploymentPostprocessing = 0;
		};
/* End PBXResourcesBuildPhase section */

/* Begin PBXSourcesBuildPhase section */
		EAECCCE81773E87D00D9E39D /* Sources */ = {
			isa = PBXSourcesBuildPhase;
			buildActionMask = 2147483647;
			files = (
				EAECCCF41773E87E00D9E39D /* LittleGhostCore.m in Sources */,
				EAECCD361773E9E500D9E39D /* NSDataAdditions.m in Sources */,
				EAECCD371773E9E500D9E39D /* NSStringAdditions.m in Sources */,
				EAECCD381773E9E500D9E39D /* TTDebug.m in Sources */,
				EAECCD391773E9E500D9E39D /* TTDefaultStyleSheet.m in Sources */,
				EAECCD3A1773E9E500D9E39D /* TTGlobalCoreLocale.m in Sources */,
				EAECCD3B1773E9E500D9E39D /* TTGlobalCorePaths.m in Sources */,
				EAECCD3C1773E9E500D9E39D /* TTGlobalStyle.m in Sources */,
				EAECCD3D1773E9E500D9E39D /* TTGlobalUICommon.m in Sources */,
				EAECCD3E1773E9E500D9E39D /* TTListDataSource.m in Sources */,
				EAECCD3F1773E9E500D9E39D /* TTSectionedDataSource.m in Sources */,
				EAECCD401773E9E500D9E39D /* TTStyleSheet.m in Sources */,
				EAECCD411773E9E500D9E39D /* TTTableItem.m in Sources */,
				1F4C35B517BBAB2B00E9A9A3 /* NSDateAdditions.m in Sources */,
				EAECCD421773E9E500D9E39D /* TTTableLinkedItem.m in Sources */,
				EAECCD431773E9E500D9E39D /* TTTableLinkedItemCell.m in Sources */,
				EAECCD441773E9E500D9E39D /* TTTableSection.m in Sources */,
				EAECCD451773E9E500D9E39D /* TTTableTextItem.m in Sources */,
				EAECCD461773E9E500D9E39D /* TTTableTextItemCell.m in Sources */,
				EAECCD471773E9E500D9E39D /* TTTableViewCell.m in Sources */,
				EAECCD481773E9E500D9E39D /* TTTableViewController.m in Sources */,
				EAECCD491773E9E500D9E39D /* TTTableViewDataSource.m in Sources */,
				EAECCD4A1773E9E500D9E39D /* TTTableViewDelegate.m in Sources */,
				EAECCD4B1773E9E500D9E39D /* TTTableViewVarHeightDelegate.m in Sources */,
				EAECCD4C1773E9E500D9E39D /* UIColorAdditions.m in Sources */,
				1F4C35B817BBB76A00E9A9A3 /* UIView+TTUICommon.m in Sources */,
				EAECCD4D1773E9E500D9E39D /* UIImageAdditions.m in Sources */,
				EAECCD4E1773E9E500D9E39D /* UINavigationBar+Background.m in Sources */,
				EAECCD4F1773E9E500D9E39D /* UITableViewAdditions.m in Sources */,
				EAECCD501773E9E500D9E39D /* UIView+FrameCategory.m in Sources */,
				EAECCD511773E9E500D9E39D /* UIWindowAdditions.m in Sources */,
				EAD42C53177932AC001ACF3C /* LGLocationService.m in Sources */,
				EAD42C801779457B001ACF3C /* NSMutableDictionary+AddNilObject.m in Sources */,
				EAE1419E178264E30005D53F /* LGPopListView.m in Sources */,
				EAE1419F178264E30005D53F /* LGPopListViewCell.m in Sources */,
				EA33DCF517978DE100266660 /* IAInfiniteGridView.m in Sources */,
				EA6FC1CF1798C4BF00227DD1 /* LGLazyScrollView.m in Sources */,
				EA6FC1D61798E3A000227DD1 /* JTListView.m in Sources */,
			);
			runOnlyForDeploymentPostprocessing = 0;
		};
/* End PBXSourcesBuildPhase section */

/* Begin PBXVariantGroup section */
		EAECCCD41773E83A00D9E39D /* InfoPlist.strings */ = {
			isa = PBXVariantGroup;
			children = (
				EAECCCD51773E83A00D9E39D /* en */,
			);
			name = InfoPlist.strings;
			sourceTree = "<group>";
		};
/* End PBXVariantGroup section */

/* Begin XCBuildConfiguration section */
		EAECCCE31773E83A00D9E39D /* Debug */ = {
			isa = XCBuildConfiguration;
			buildSettings = {
				ALWAYS_SEARCH_USER_PATHS = NO;
				CLANG_CXX_LANGUAGE_STANDARD = "gnu++0x";
				CLANG_CXX_LIBRARY = "libc++";
				CLANG_WARN_CONSTANT_CONVERSION = YES;
				CLANG_WARN_EMPTY_BODY = YES;
				CLANG_WARN_ENUM_CONVERSION = YES;
				CLANG_WARN_INT_CONVERSION = YES;
				CLANG_WARN__DUPLICATE_METHOD_MATCH = YES;
				"CODE_SIGN_IDENTITY[sdk=iphoneos*]" = "iPhone Developer";
				COPY_PHASE_STRIP = NO;
				GCC_C_LANGUAGE_STANDARD = gnu99;
				GCC_DYNAMIC_NO_PIC = NO;
				GCC_OPTIMIZATION_LEVEL = 0;
				GCC_PREPROCESSOR_DEFINITIONS = (
					"DEBUG=1",
					"$(inherited)",
				);
				GCC_SYMBOLS_PRIVATE_EXTERN = NO;
				GCC_WARN_ABOUT_RETURN_TYPE = YES;
				GCC_WARN_UNINITIALIZED_AUTOS = YES;
				GCC_WARN_UNUSED_VARIABLE = YES;
				IPHONEOS_DEPLOYMENT_TARGET = 4.3;
				ONLY_ACTIVE_ARCH = YES;
				SDKROOT = iphoneos;
			};
			name = Debug;
		};
		EAECCCE41773E83A00D9E39D /* Release */ = {
			isa = XCBuildConfiguration;
			buildSettings = {
				ALWAYS_SEARCH_USER_PATHS = NO;
				CLANG_CXX_LANGUAGE_STANDARD = "gnu++0x";
				CLANG_CXX_LIBRARY = "libc++";
				CLANG_WARN_CONSTANT_CONVERSION = YES;
				CLANG_WARN_EMPTY_BODY = YES;
				CLANG_WARN_ENUM_CONVERSION = YES;
				CLANG_WARN_INT_CONVERSION = YES;
				CLANG_WARN__DUPLICATE_METHOD_MATCH = YES;
				"CODE_SIGN_IDENTITY[sdk=iphoneos*]" = "iPhone Developer";
				COPY_PHASE_STRIP = YES;
				GCC_C_LANGUAGE_STANDARD = gnu99;
				GCC_WARN_ABOUT_RETURN_TYPE = YES;
				GCC_WARN_UNINITIALIZED_AUTOS = YES;
				GCC_WARN_UNUSED_VARIABLE = YES;
				IPHONEOS_DEPLOYMENT_TARGET = 4.3;
				OTHER_CFLAGS = "-DNS_BLOCK_ASSERTIONS=1";
				SDKROOT = iphoneos;
				VALIDATE_PRODUCT = YES;
			};
			name = Release;
		};
		EAECCCF61773E87E00D9E39D /* Debug */ = {
			isa = XCBuildConfiguration;
			buildSettings = {
				ALWAYS_SEARCH_USER_PATHS = NO;
				DSTROOT = /tmp/LittleGhostCore.dst;
				GCC_PRECOMPILE_PREFIX_HEADER = YES;
				GCC_PREFIX_HEADER = "LittleGhostCore/LittleGhostCore-Prefix.pch";
				OTHER_LDFLAGS = "-ObjC";
				PRODUCT_NAME = "$(TARGET_NAME)";
				SKIP_INSTALL = YES;
				USER_HEADER_SEARCH_PATHS = "";
			};
			name = Debug;
		};
		EAECCCF71773E87E00D9E39D /* Release */ = {
			isa = XCBuildConfiguration;
			buildSettings = {
				ALWAYS_SEARCH_USER_PATHS = NO;
				DSTROOT = /tmp/LittleGhostCore.dst;
				GCC_PRECOMPILE_PREFIX_HEADER = YES;
				GCC_PREFIX_HEADER = "LittleGhostCore/LittleGhostCore-Prefix.pch";
				OTHER_LDFLAGS = "-ObjC";
				PRODUCT_NAME = "$(TARGET_NAME)";
				SKIP_INSTALL = YES;
				USER_HEADER_SEARCH_PATHS = "";
			};
			name = Release;
		};
/* End XCBuildConfiguration section */

/* Begin XCConfigurationList section */
		EAECCCC31773E83A00D9E39D /* Build configuration list for PBXProject "LittleGhostCore" */ = {
			isa = XCConfigurationList;
			buildConfigurations = (
				EAECCCE31773E83A00D9E39D /* Debug */,
				EAECCCE41773E83A00D9E39D /* Release */,
			);
			defaultConfigurationIsVisible = 0;
			defaultConfigurationName = Release;
		};
		EAECCCF51773E87E00D9E39D /* Build configuration list for PBXNativeTarget "LittleGhostCore" */ = {
			isa = XCConfigurationList;
			buildConfigurations = (
				EAECCCF61773E87E00D9E39D /* Debug */,
				EAECCCF71773E87E00D9E39D /* Release */,
			);
			defaultConfigurationIsVisible = 0;
			defaultConfigurationName = Release;
		};
/* End XCConfigurationList section */
	};
	rootObject = EAECCCC01773E83A00D9E39D /* Project object */;
}
